// !$*UTF8*$!
{
	archiveVersion = 1;
	classes = {
	};
	objectVersion = 46;
	objects = {

/* Begin PBXBuildFile section */
		15B41EA6B639B57496FC2924 /* StatusBarController.swift in Sources */ = {isa = PBXBuildFile; fileRef = 7455FA7E447845C3A409337F /* StatusBarController.swift */; };
		237B67B1866352281198B29A /* AppDelegate.swift in Sources */ = {isa = PBXBuildFile; fileRef = 3BDD40276C3426E73DE1CD6F /* AppDelegate.swift */; };
		2673166CA528C626AD2A72C0 /* QuoteRotator.swift in Sources */ = {isa = PBXBuildFile; fileRef = 71EA65D05FF717F5F15E5FBB /* QuoteRotator.swift */; };
		2DD8F667AC8841569B81075F /* QuoteRotatorTests.swift in Sources */ = {isa = PBXBuildFile; fileRef = 60AD44FB74C4784471BF3441 /* QuoteRotatorTests.swift */; };
		4CF8EA8AEDE389FC6FF27092 /* QuoteStoreTests.swift in Sources */ = {isa = PBXBuildFile; fileRef = 08B0403C838AF95C22C66D04 /* QuoteStoreTests.swift */; };
		6E4EE8761D7A9F8608117175 /* ManageQuotesWindowController.swift in Sources */ = {isa = PBXBuildFile; fileRef = F1D08E66BA365EC84A7DCBDE /* ManageQuotesWindowController.swift */; };
		9FE115467F79BF2EC19B414C /* Cocoa.framework in Frameworks */ = {isa = PBXBuildFile; fileRef = 396363D3642BE3A76CF47F36 /* Cocoa.framework */; };
		A55224E3432A2098C42AF8D3 /* QuoteStore.swift in Sources */ = {isa = PBXBuildFile; fileRef = 6A78F094601186C7A65F4825 /* QuoteStore.swift */; };
		DBD06A2D6077C1D2CCE2FAAE /* Cocoa.framework in Frameworks */ = {isa = PBXBuildFile; fileRef = 396363D3642BE3A76CF47F36 /* Cocoa.framework */; };
		DD7462DCD81A888FB0FF4DC1 /* Models.swift in Sources */ = {isa = PBXBuildFile; fileRef = 42D89D01723A821AEB792B89 /* Models.swift */; };
		F9FEC8F87622BA5629EA1960 /* XCTest.framework in Frameworks */ = {isa = PBXBuildFile; fileRef = 9D82D1251D0A8BC29D03644B /* XCTest.framework */; };
/* End PBXBuildFile section */

/* Begin PBXContainerItemProxy section */
		CF9B6917F78E79F0A647BC81 /* PBXContainerItemProxy */ = {
			isa = PBXContainerItemProxy;
			containerPortal = B560A2DECE8F0AC747D16AF7 /* Project object */;
			proxyType = 1;
			remoteGlobalIDString = B1CFB9D57B9E31DB3E188EF0;
			remoteInfo = TrinQuotes;
		};
/* End PBXContainerItemProxy section */

/* Begin PBXFileReference section */
		08B0403C838AF95C22C66D04 /* QuoteStoreTests.swift */ = {isa = PBXFileReference; includeInIndex = 1; lastKnownFileType = sourcecode.swift; name = QuoteStoreTests.swift; path = TrinQuotesTests/QuoteStoreTests.swift; sourceTree = "<group>"; };
		1BF79138C3DD79DAE71B07CE /* TrinQuotes.app */ = {isa = PBXFileReference; explicitFileType = wrapper.application; includeInIndex = 0; path = TrinQuotes.app; sourceTree = BUILT_PRODUCTS_DIR; };
		396363D3642BE3A76CF47F36 /* Cocoa.framework */ = {isa = PBXFileReference; lastKnownFileType = wrapper.framework; name = Cocoa.framework; path = Platforms/MacOSX.platform/Developer/SDKs/MacOSX15.0.sdk/System/Library/Frameworks/Cocoa.framework; sourceTree = DEVELOPER_DIR; };
		3BDD40276C3426E73DE1CD6F /* AppDelegate.swift */ = {isa = PBXFileReference; includeInIndex = 1; lastKnownFileType = sourcecode.swift; name = AppDelegate.swift; path = TrinQuotes/AppDelegate.swift; sourceTree = "<group>"; };
		42D89D01723A821AEB792B89 /* Models.swift */ = {isa = PBXFileReference; includeInIndex = 1; lastKnownFileType = sourcecode.swift; name = Models.swift; path = TrinQuotes/Models.swift; sourceTree = "<group>"; };
		60AD44FB74C4784471BF3441 /* QuoteRotatorTests.swift */ = {isa = PBXFileReference; includeInIndex = 1; lastKnownFileType = sourcecode.swift; name = QuoteRotatorTests.swift; path = TrinQuotesTests/QuoteRotatorTests.swift; sourceTree = "<group>"; };
		6942578C7DB1EC80F4A919FC /* TrinQuotesTests.xctest */ = {isa = PBXFileReference; explicitFileType = wrapper.cfbundle; includeInIndex = 0; path = TrinQuotesTests.xctest; sourceTree = BUILT_PRODUCTS_DIR; };
		6A78F094601186C7A65F4825 /* QuoteStore.swift */ = {isa = PBXFileReference; includeInIndex = 1; lastKnownFileType = sourcecode.swift; name = QuoteStore.swift; path = TrinQuotes/QuoteStore.swift; sourceTree = "<group>"; };
		71EA65D05FF717F5F15E5FBB /* QuoteRotator.swift */ = {isa = PBXFileReference; includeInIndex = 1; lastKnownFileType = sourcecode.swift; name = QuoteRotator.swift; path = TrinQuotes/QuoteRotator.swift; sourceTree = "<group>"; };
		7455FA7E447845C3A409337F /* StatusBarController.swift */ = {isa = PBXFileReference; includeInIndex = 1; lastKnownFileType = sourcecode.swift; name = StatusBarController.swift; path = TrinQuotes/StatusBarController.swift; sourceTree = "<group>"; };
		9D82D1251D0A8BC29D03644B /* XCTest.framework */ = {isa = PBXFileReference; lastKnownFileType = wrapper.framework; name = XCTest.framework; path = System/Library/Frameworks/XCTest.framework; sourceTree = "<group>"; };
		D6688054CCAEB160E10E6BA7 /* Info.plist */ = {isa = PBXFileReference; includeInIndex = 1; lastKnownFileType = text.plist.xml; name = Info.plist; path = TrinQuotes/Info.plist; sourceTree = "<group>"; };
		F1D08E66BA365EC84A7DCBDE /* ManageQuotesWindowController.swift */ = {isa = PBXFileReference; includeInIndex = 1; lastKnownFileType = sourcecode.swift; name = ManageQuotesWindowController.swift; path = TrinQuotes/ManageQuotesWindowController.swift; sourceTree = "<group>"; };
/* End PBXFileReference section */

/* Begin PBXFrameworksBuildPhase section */
		3707FC18D48D8C96306BE9E5 /* Frameworks */ = {
			isa = PBXFrameworksBuildPhase;
			buildActionMask = 2147483647;
			files = (
				9FE115467F79BF2EC19B414C /* Cocoa.framework in Frameworks */,
			);
			runOnlyForDeploymentPostprocessing = 0;
		};
		FBE944F00F925529ED01CEA4 /* Frameworks */ = {
			isa = PBXFrameworksBuildPhase;
			buildActionMask = 2147483647;
			files = (
				DBD06A2D6077C1D2CCE2FAAE /* Cocoa.framework in Frameworks */,
				F9FEC8F87622BA5629EA1960 /* XCTest.framework in Frameworks */,
			);
			runOnlyForDeploymentPostprocessing = 0;
		};
/* End PBXFrameworksBuildPhase section */

/* Begin PBXGroup section */
		3A8059D17E1CA6B51A7FA1F8 /* Products */ = {
			isa = PBXGroup;
			children = (
				1BF79138C3DD79DAE71B07CE /* TrinQuotes.app */,
				6942578C7DB1EC80F4A919FC /* TrinQuotesTests.xctest */,
			);
			name = Products;
			sourceTree = "<group>";
		};
		9566C3309463E3B59A07E439 /* TrinQuotes */ = {
			isa = PBXGroup;
			children = (
				3BDD40276C3426E73DE1CD6F /* AppDelegate.swift */,
				F1D08E66BA365EC84A7DCBDE /* ManageQuotesWindowController.swift */,
				42D89D01723A821AEB792B89 /* Models.swift */,
				71EA65D05FF717F5F15E5FBB /* QuoteRotator.swift */,
				6A78F094601186C7A65F4825 /* QuoteStore.swift */,
				7455FA7E447845C3A409337F /* StatusBarController.swift */,
				D6688054CCAEB160E10E6BA7 /* Info.plist */,
			);
			name = TrinQuotes;
			sourceTree = "<group>";
		};
		B3034D6C8CDD23DDA025737F /* TrinQuotesTests */ = {
			isa = PBXGroup;
			children = (
				60AD44FB74C4784471BF3441 /* QuoteRotatorTests.swift */,
				08B0403C838AF95C22C66D04 /* QuoteStoreTests.swift */,
			);
			name = TrinQuotesTests;
			sourceTree = "<group>";
		};
		CB520897027C5A7409CD1752 /* OS X */ = {
			isa = PBXGroup;
			children = (
				396363D3642BE3A76CF47F36 /* Cocoa.framework */,
			);
			name = "OS X";
			sourceTree = "<group>";
		};
		FC050E561BF1D9F69563CA3D = {
			isa = PBXGroup;
			children = (
				3A8059D17E1CA6B51A7FA1F8 /* Products */,
				FF44BA9AC0A36BED4A87D1C4 /* Frameworks */,
				9566C3309463E3B59A07E439 /* TrinQuotes */,
				B3034D6C8CDD23DDA025737F /* TrinQuotesTests */,
			);
			sourceTree = "<group>";
		};
		FF44BA9AC0A36BED4A87D1C4 /* Frameworks */ = {
			isa = PBXGroup;
			children = (
				CB520897027C5A7409CD1752 /* OS X */,
				9D82D1251D0A8BC29D03644B /* XCTest.framework */,
			);
			name = Frameworks;
			sourceTree = "<group>";
		};
/* End PBXGroup section */

/* Begin PBXNativeTarget section */
		664444E97B36C1CA23580FE7 /* TrinQuotesTests */ = {
			isa = PBXNativeTarget;
			buildConfigurationList = 2510C099672B29F1638B3050 /* Build configuration list for PBXNativeTarget "TrinQuotesTests" */;
			buildPhases = (
				411DC5B8E4B07F5AD6A1D95F /* Sources */,
				FBE944F00F925529ED01CEA4 /* Frameworks */,
				791046261B331AB9CDD51AFA /* Resources */,
			);
			buildRules = (
			);
			dependencies = (
				9A2A0F2C5CBAB002F17A1760 /* PBXTargetDependency */,
			);
			name = TrinQuotesTests;
			productName = TrinQuotesTests;
			productReference = 6942578C7DB1EC80F4A919FC /* TrinQuotesTests.xctest */;
			productType = "com.apple.product-type.bundle.unit-test";
		};
		B1CFB9D57B9E31DB3E188EF0 /* TrinQuotes */ = {
			isa = PBXNativeTarget;
			buildConfigurationList = 231F47F55FB559EAEC3D6179 /* Build configuration list for PBXNativeTarget "TrinQuotes" */;
			buildPhases = (
				BF821F7C09191EF2020F4C5A /* Sources */,
				3707FC18D48D8C96306BE9E5 /* Frameworks */,
				A7334D0566BBBBC53312494D /* Resources */,
			);
			buildRules = (
			);
			dependencies = (
			);
			name = TrinQuotes;
			productName = TrinQuotes;
			productReference = 1BF79138C3DD79DAE71B07CE /* TrinQuotes.app */;
			productType = "com.apple.product-type.application";
		};
/* End PBXNativeTarget section */

/* Begin PBXProject section */
		B560A2DECE8F0AC747D16AF7 /* Project object */ = {
			isa = PBXProject;
			attributes = {
				LastSwiftUpdateCheck = 1600;
				LastUpgradeCheck = 1600;
			};
			buildConfigurationList = F389C2FC79CD946517635A6F /* Build configuration list for PBXProject "TrinQuotes" */;
			compatibilityVersion = "Xcode 3.2";
			developmentRegion = en;
			hasScannedForEncodings = 0;
			knownRegions = (
				en,
				Base,
			);
			mainGroup = FC050E561BF1D9F69563CA3D;
			minimizedProjectReferenceProxies = 0;
			preferredProjectObjectVersion = 77;
			productRefGroup = 3A8059D17E1CA6B51A7FA1F8 /* Products */;
			projectDirPath = "";
			projectRoot = "";
			targets = (
				B1CFB9D57B9E31DB3E188EF0 /* TrinQuotes */,
				664444E97B36C1CA23580FE7 /* TrinQuotesTests */,
			);
		};
/* End PBXProject section */

/* Begin PBXResourcesBuildPhase section */
		791046261B331AB9CDD51AFA /* Resources */ = {
			isa = PBXResourcesBuildPhase;
			buildActionMask = 2147483647;
			files = (
			);
			runOnlyForDeploymentPostprocessing = 0;
		};
		A7334D0566BBBBC53312494D /* Resources */ = {
			isa = PBXResourcesBuildPhase;
			buildActionMask = 2147483647;
			files = (
			);
			runOnlyForDeploymentPostprocessing = 0;
		};
/* End PBXResourcesBuildPhase section */

/* Begin PBXSourcesBuildPhase section */
		411DC5B8E4B07F5AD6A1D95F /* Sources */ = {
			isa = PBXSourcesBuildPhase;
			buildActionMask = 2147483647;
			files = (
				2DD8F667AC8841569B81075F /* QuoteRotatorTests.swift in Sources */,
				4CF8EA8AEDE389FC6FF27092 /* QuoteStoreTests.swift in Sources */,
			);
			runOnlyForDeploymentPostprocessing = 0;
		};
		BF821F7C09191EF2020F4C5A /* Sources */ = {
			isa = PBXSourcesBuildPhase;
			buildActionMask = 2147483647;
			files = (
				237B67B1866352281198B29A /* AppDelegate.swift in Sources */,
				6E4EE8761D7A9F8608117175 /* ManageQuotesWindowController.swift in Sources */,
				DD7462DCD81A888FB0FF4DC1 /* Models.swift in Sources */,
				2673166CA528C626AD2A72C0 /* QuoteRotator.swift in Sources */,
				A55224E3432A2098C42AF8D3 /* QuoteStore.swift in Sources */,
				15B41EA6B639B57496FC2924 /* StatusBarController.swift in Sources */,
			);
			runOnlyForDeploymentPostprocessing = 0;
		};
/* End PBXSourcesBuildPhase section */

/* Begin PBXTargetDependency section */
		9A2A0F2C5CBAB002F17A1760 /* PBXTargetDependency */ = {
			isa = PBXTargetDependency;
			name = TrinQuotes;
			target = B1CFB9D57B9E31DB3E188EF0 /* TrinQuotes */;
			targetProxy = CF9B6917F78E79F0A647BC81 /* PBXContainerItemProxy */;
		};
/* End PBXTargetDependency section */

/* Begin XCBuildConfiguration section */
		394401CBB250E89BEA5DBCC1 /* Release */ = {
			isa = XCBuildConfiguration;
			buildSettings = {
				ASSETCATALOG_COMPILER_APPICON_NAME = AppIcon;
				ASSETCATALOG_COMPILER_GLOBAL_ACCENT_COLOR_NAME = AccentColor;
				CODE_SIGN_STYLE = Automatic;
				COMBINE_HIDPI_IMAGES = YES;
				GENERATE_INFOPLIST_FILE = NO;
				INFOPLIST_FILE = TrinQuotes/Info.plist;
				LD_RUNPATH_SEARCH_PATHS = "$(inherited) @executable_path/../Frameworks";
				MACOSX_DEPLOYMENT_TARGET = 13.0;
				PRODUCT_BUNDLE_IDENTIFIER = com.trin.quotes;
				SDKROOT = macosx;
				SWIFT_VERSION = 5.0;
			};
			name = Release;
		};
		4BF108532C45703AABEDFE14 /* Release */ = {
			isa = XCBuildConfiguration;
			buildSettings = {
				ALWAYS_SEARCH_USER_PATHS = NO;
				CLANG_ANALYZER_NONNULL = YES;
				CLANG_ANALYZER_NUMBER_OBJECT_CONVERSION = YES_AGGRESSIVE;
				CLANG_CXX_LANGUAGE_STANDARD = "gnu++14";
				CLANG_CXX_LIBRARY = "libc++";
				CLANG_ENABLE_MODULES = YES;
				CLANG_ENABLE_OBJC_ARC = YES;
				CLANG_ENABLE_OBJC_WEAK = YES;
				CLANG_WARN_BLOCK_CAPTURE_AUTORELEASING = YES;
				CLANG_WARN_BOOL_CONVERSION = YES;
				CLANG_WARN_COMMA = YES;
				CLANG_WARN_CONSTANT_CONVERSION = YES;
				CLANG_WARN_DEPRECATED_OBJC_IMPLEMENTATIONS = YES;
				CLANG_WARN_DIRECT_OBJC_ISA_USAGE = YES_ERROR;
				CLANG_WARN_DOCUMENTATION_COMMENTS = YES;
				CLANG_WARN_EMPTY_BODY = YES;
				CLANG_WARN_ENUM_CONVERSION = YES;
				CLANG_WARN_INFINITE_RECURSION = YES;
				CLANG_WARN_INT_CONVERSION = YES;
				CLANG_WARN_NON_LITERAL_NULL_CONVERSION = YES;
				CLANG_WARN_OBJC_IMPLICIT_RETAIN_SELF = YES;
				CLANG_WARN_OBJC_LITERAL_CONVERSION = YES;
				CLANG_WARN_OBJC_ROOT_CLASS = YES_ERROR;
				CLANG_WARN_QUOTED_INCLUDE_IN_FRAMEWORK_HEADER = YES;
				CLANG_WARN_RANGE_LOOP_ANALYSIS = YES;
				CLANG_WARN_STRICT_PROTOTYPES = YES;
				CLANG_WARN_SUSPICIOUS_MOVE = YES;
				CLANG_WARN_UNGUARDED_AVAILABILITY = YES_AGGRESSIVE;
				CLANG_WARN_UNREACHABLE_CODE = YES;
				CLANG_WARN__DUPLICATE_METHOD_MATCH = YES;
				COPY_PHASE_STRIP = NO;
				DEBUG_INFORMATION_FORMAT = "dwarf-with-dsym";
				ENABLE_NS_ASSERTIONS = NO;
				ENABLE_STRICT_OBJC_MSGSEND = YES;
				GCC_C_LANGUAGE_STANDARD = gnu11;
				GCC_NO_COMMON_BLOCKS = YES;
				GCC_WARN_64_TO_32_BIT_CONVERSION = YES;
				GCC_WARN_ABOUT_RETURN_TYPE = YES_ERROR;
				GCC_WARN_UNDECLARED_SELECTOR = YES;
				GCC_WARN_UNINITIALIZED_AUTOS = YES_AGGRESSIVE;
				GCC_WARN_UNUSED_FUNCTION = YES;
				GCC_WARN_UNUSED_VARIABLE = YES;
				MTL_ENABLE_DEBUG_INFO = NO;
				MTL_FAST_MATH = YES;
				PRODUCT_NAME = "$(TARGET_NAME)";
				SWIFT_COMPILATION_MODE = wholemodule;
				SWIFT_OPTIMIZATION_LEVEL = "-O";
				SWIFT_VERSION = 5.0;
			};
			name = Release;
		};
		C2C9CA6BE626622065D07EAC /* Debug */ = {
			isa = XCBuildConfiguration;
			buildSettings = {
				ASSETCATALOG_COMPILER_APPICON_NAME = AppIcon;
				ASSETCATALOG_COMPILER_GLOBAL_ACCENT_COLOR_NAME = AccentColor;
				CODE_SIGN_STYLE = Automatic;
				COMBINE_HIDPI_IMAGES = YES;
				GENERATE_INFOPLIST_FILE = NO;
				INFOPLIST_FILE = TrinQuotes/Info.plist;
				LD_RUNPATH_SEARCH_PATHS = "$(inherited) @executable_path/../Frameworks";
				MACOSX_DEPLOYMENT_TARGET = 13.0;
				PRODUCT_BUNDLE_IDENTIFIER = com.trin.quotes;
				SDKROOT = macosx;
				SWIFT_VERSION = 5.0;
			};
			name = Debug;
		};
		C5563E936E5609A0F9C43538 /* Release */ = {
			isa = XCBuildConfiguration;
			buildSettings = {
				BUNDLE_LOADER = "$(TEST_HOST)";
				CODE_SIGN_STYLE = Automatic;
				GENERATE_INFOPLIST_FILE = YES;
				LD_RUNPATH_SEARCH_PATHS = "$(inherited) @executable_path/../Frameworks @loader_path/../Frameworks";
				MACOSX_DEPLOYMENT_TARGET = 13.0;
				PRODUCT_BUNDLE_IDENTIFIER = com.trin.quotes.tests;
				SDKROOT = macosx;
				SWIFT_VERSION = 5.0;
				TEST_HOST = "$(BUILT_PRODUCTS_DIR)/TrinQuotes.app/Contents/MacOS/TrinQuotes";
			};
			name = Release;
		};
		DDD52A274D912C28D70D63A9 /* Debug */ = {
			isa = XCBuildConfiguration;
			buildSettings = {
				ALWAYS_SEARCH_USER_PATHS = NO;
				CLANG_ANALYZER_NONNULL = YES;
				CLANG_ANALYZER_NUMBER_OBJECT_CONVERSION = YES_AGGRESSIVE;
				CLANG_CXX_LANGUAGE_STANDARD = "gnu++14";
				CLANG_CXX_LIBRARY = "libc++";
				CLANG_ENABLE_MODULES = YES;
				CLANG_ENABLE_OBJC_ARC = YES;
				CLANG_ENABLE_OBJC_WEAK = YES;
				CLANG_WARN_BLOCK_CAPTURE_AUTORELEASING = YES;
				CLANG_WARN_BOOL_CONVERSION = YES;
				CLANG_WARN_COMMA = YES;
				CLANG_WARN_CONSTANT_CONVERSION = YES;
				CLANG_WARN_DEPRECATED_OBJC_IMPLEMENTATIONS = YES;
				CLANG_WARN_DIRECT_OBJC_ISA_USAGE = YES_ERROR;
				CLANG_WARN_DOCUMENTATION_COMMENTS = YES;
				CLANG_WARN_EMPTY_BODY = YES;
				CLANG_WARN_ENUM_CONVERSION = YES;
				CLANG_WARN_INFINITE_RECURSION = YES;
				CLANG_WARN_INT_CONVERSION = YES;
				CLANG_WARN_NON_LITERAL_NULL_CONVERSION = YES;
				CLANG_WARN_OBJC_IMPLICIT_RETAIN_SELF = YES;
				CLANG_WARN_OBJC_LITERAL_CONVERSION = YES;
				CLANG_WARN_OBJC_ROOT_CLASS = YES_ERROR;
				CLANG_WARN_QUOTED_INCLUDE_IN_FRAMEWORK_HEADER = YES;
				CLANG_WARN_RANGE_LOOP_ANALYSIS = YES;
				CLANG_WARN_STRICT_PROTOTYPES = YES;
				CLANG_WARN_SUSPICIOUS_MOVE = YES;
				CLANG_WARN_UNGUARDED_AVAILABILITY = YES_AGGRESSIVE;
				CLANG_WARN_UNREACHABLE_CODE = YES;
				CLANG_WARN__DUPLICATE_METHOD_MATCH = YES;
				COPY_PHASE_STRIP = NO;
				DEBUG_INFORMATION_FORMAT = dwarf;
				ENABLE_STRICT_OBJC_MSGSEND = YES;
				ENABLE_TESTABILITY = YES;
				GCC_C_LANGUAGE_STANDARD = gnu11;
				GCC_DYNAMIC_NO_PIC = NO;
				GCC_NO_COMMON_BLOCKS = YES;
				GCC_OPTIMIZATION_LEVEL = 0;
				GCC_PREPROCESSOR_DEFINITIONS = (
					"DEBUG=1",
					"$(inherited)",
				);
				GCC_WARN_64_TO_32_BIT_CONVERSION = YES;
				GCC_WARN_ABOUT_RETURN_TYPE = YES_ERROR;
				GCC_WARN_UNDECLARED_SELECTOR = YES;
				GCC_WARN_UNINITIALIZED_AUTOS = YES_AGGRESSIVE;
				GCC_WARN_UNUSED_FUNCTION = YES;
				GCC_WARN_UNUSED_VARIABLE = YES;
				MTL_ENABLE_DEBUG_INFO = INCLUDE_SOURCE;
				MTL_FAST_MATH = YES;
				ONLY_ACTIVE_ARCH = YES;
				PRODUCT_NAME = "$(TARGET_NAME)";
				SWIFT_ACTIVE_COMPILATION_CONDITIONS = DEBUG;
				SWIFT_OPTIMIZATION_LEVEL = "-Onone";
				SWIFT_VERSION = 5.0;
			};
			name = Debug;
		};
		FAC8E9654371E4C1DC9F63C1 /* Debug */ = {
			isa = XCBuildConfiguration;
			buildSettings = {
				BUNDLE_LOADER = "$(TEST_HOST)";
				CODE_SIGN_STYLE = Automatic;
				GENERATE_INFOPLIST_FILE = YES;
				LD_RUNPATH_SEARCH_PATHS = "$(inherited) @executable_path/../Frameworks @loader_path/../Frameworks";
				MACOSX_DEPLOYMENT_TARGET = 13.0;
				PRODUCT_BUNDLE_IDENTIFIER = com.trin.quotes.tests;
				SDKROOT = macosx;
				SWIFT_VERSION = 5.0;
				TEST_HOST = "$(BUILT_PRODUCTS_DIR)/TrinQuotes.app/Contents/MacOS/TrinQuotes";
			};
			name = Debug;
		};
/* End XCBuildConfiguration section */

/* Begin XCConfigurationList section */
		231F47F55FB559EAEC3D6179 /* Build configuration list for PBXNativeTarget "TrinQuotes" */ = {
			isa = XCConfigurationList;
			buildConfigurations = (
				394401CBB250E89BEA5DBCC1 /* Release */,
				C2C9CA6BE626622065D07EAC /* Debug */,
			);
			defaultConfigurationIsVisible = 0;
			defaultConfigurationName = Release;
		};
		2510C099672B29F1638B3050 /* Build configuration list for PBXNativeTarget "TrinQuotesTests" */ = {
			isa = XCConfigurationList;
			buildConfigurations = (
				C5563E936E5609A0F9C43538 /* Release */,
				FAC8E9654371E4C1DC9F63C1 /* Debug */,
			);
			defaultConfigurationIsVisible = 0;
			defaultConfigurationName = Release;
		};
		F389C2FC79CD946517635A6F /* Build configuration list for PBXProject "TrinQuotes" */ = {
			isa = XCConfigurationList;
			buildConfigurations = (
				DDD52A274D912C28D70D63A9 /* Debug */,
				4BF108532C45703AABEDFE14 /* Release */,
			);
			defaultConfigurationIsVisible = 0;
			defaultConfigurationName = Release;
		};
/* End XCConfigurationList section */
	};
	rootObject = B560A2DECE8F0AC747D16AF7 /* Project object */;
}
