// !$*UTF8*$!
{
	archiveVersion = 1;
	classes = {
	};
	objectVersion = 46;
	objects = {

/* Begin PBXBuildFile section */
		002F5C21610C0A578CC618C7 /* QuoteStore.swift in Sources */ = {isa = PBXBuildFile; fileRef = 3A00893DCD1912AF7F2A87AF /* QuoteStore.swift */; };
		1C0B2378318BB8510704AEC1 /* QuoteStoreTests.swift in Sources */ = {isa = PBXBuildFile; fileRef = 70E9A7B88C54D2FA2F45959E /* QuoteStoreTests.swift */; };
		24446B92FA2421DE4D169FB1 /* main.swift in Sources */ = {isa = PBXBuildFile; fileRef = 97325C02F127ABE99F6253ED /* main.swift */; };
		28C3B10297BAE0F539B2DF4A /* QuoteRotator.swift in Sources */ = {isa = PBXBuildFile; fileRef = E2996956BCFB950704B0B137 /* QuoteRotator.swift */; };
		301D2B7D1A9C7C2D8351F7AC /* QuoteRotatorTests.swift in Sources */ = {isa = PBXBuildFile; fileRef = 26AE3E39F5936CD7367852DB /* QuoteRotatorTests.swift */; };
		47601BE564E2583A655C629C /* Cocoa.framework in Frameworks */ = {isa = PBXBuildFile; fileRef = A7F1B5DE222317495D4AF05E /* Cocoa.framework */; };
		4874E534ED7724B5B1AEC517 /* StatusBarController.swift in Sources */ = {isa = PBXBuildFile; fileRef = 1EF6416883906272C02A58CF /* StatusBarController.swift */; };
		767D13CDECC189DA4A116BC5 /* XCTest.framework in Frameworks */ = {isa = PBXBuildFile; fileRef = 7602037531FE7F92BE2E93D2 /* XCTest.framework */; };
		8CC254D020D34251CC7723F9 /* AppDelegate.swift in Sources */ = {isa = PBXBuildFile; fileRef = DCDCFD564E6C76C9889776A8 /* AppDelegate.swift */; };
		9CCDB6E16D8AE1B4C06B2001 /* Cocoa.framework in Frameworks */ = {isa = PBXBuildFile; fileRef = A7F1B5DE222317495D4AF05E /* Cocoa.framework */; };
		9E687135F49E83FBB4BB92F3 /* Models.swift in Sources */ = {isa = PBXBuildFile; fileRef = 6D7094C8E6AEEE8B26C9D693 /* Models.swift */; };
		D4FC99CD768926F50712C479 /* ManageQuotesWindowController.swift in Sources */ = {isa = PBXBuildFile; fileRef = 94BE25D00D90E6D6D64D6C35 /* ManageQuotesWindowController.swift */; };
/* End PBXBuildFile section */

/* Begin PBXContainerItemProxy section */
		AEEEFD157BE10B2663AAD71F /* PBXContainerItemProxy */ = {
			isa = PBXContainerItemProxy;
			containerPortal = 784855F02A92C9AF2B10AF4E /* Project object */;
			proxyType = 1;
			remoteGlobalIDString = C2D7E3D79ABC2C78E3F83720;
			remoteInfo = TrinQuotes;
		};
/* End PBXContainerItemProxy section */

/* Begin PBXFileReference section */
		14CE784DECF74EE8C5DC9B3D /* Info.plist */ = {isa = PBXFileReference; includeInIndex = 1; lastKnownFileType = text.plist.xml; name = Info.plist; path = TrinQuotes/Info.plist; sourceTree = "<group>"; };
		1EF6416883906272C02A58CF /* StatusBarController.swift */ = {isa = PBXFileReference; includeInIndex = 1; lastKnownFileType = sourcecode.swift; name = StatusBarController.swift; path = TrinQuotes/StatusBarController.swift; sourceTree = "<group>"; };
		26AE3E39F5936CD7367852DB /* QuoteRotatorTests.swift */ = {isa = PBXFileReference; includeInIndex = 1; lastKnownFileType = sourcecode.swift; name = QuoteRotatorTests.swift; path = TrinQuotesTests/QuoteRotatorTests.swift; sourceTree = "<group>"; };
		3A00893DCD1912AF7F2A87AF /* QuoteStore.swift */ = {isa = PBXFileReference; includeInIndex = 1; lastKnownFileType = sourcecode.swift; name = QuoteStore.swift; path = TrinQuotes/QuoteStore.swift; sourceTree = "<group>"; };
		6D7094C8E6AEEE8B26C9D693 /* Models.swift */ = {isa = PBXFileReference; includeInIndex = 1; lastKnownFileType = sourcecode.swift; name = Models.swift; path = TrinQuotes/Models.swift; sourceTree = "<group>"; };
		70E9A7B88C54D2FA2F45959E /* QuoteStoreTests.swift */ = {isa = PBXFileReference; includeInIndex = 1; lastKnownFileType = sourcecode.swift; name = QuoteStoreTests.swift; path = TrinQuotesTests/QuoteStoreTests.swift; sourceTree = "<group>"; };
		7602037531FE7F92BE2E93D2 /* XCTest.framework */ = {isa = PBXFileReference; lastKnownFileType = wrapper.framework; name = XCTest.framework; path = System/Library/Frameworks/XCTest.framework; sourceTree = "<group>"; };
		82F080D7C0A27982DA616381 /* TrinQuotes.app */ = {isa = PBXFileReference; explicitFileType = wrapper.application; includeInIndex = 0; path = TrinQuotes.app; sourceTree = BUILT_PRODUCTS_DIR; };
		94BE25D00D90E6D6D64D6C35 /* ManageQuotesWindowController.swift */ = {isa = PBXFileReference; includeInIndex = 1; lastKnownFileType = sourcecode.swift; name = ManageQuotesWindowController.swift; path = TrinQuotes/ManageQuotesWindowController.swift; sourceTree = "<group>"; };
		97325C02F127ABE99F6253ED /* main.swift */ = {isa = PBXFileReference; includeInIndex = 1; lastKnownFileType = sourcecode.swift; name = main.swift; path = TrinQuotes/main.swift; sourceTree = "<group>"; };
		A7F1B5DE222317495D4AF05E /* Cocoa.framework */ = {isa = PBXFileReference; lastKnownFileType = wrapper.framework; name = Cocoa.framework; path = Platforms/MacOSX.platform/Developer/SDKs/MacOSX15.0.sdk/System/Library/Frameworks/Cocoa.framework; sourceTree = DEVELOPER_DIR; };
		BAE25CF2EB582D6291235B50 /* TrinQuotesTests.xctest */ = {isa = PBXFileReference; explicitFileType = wrapper.cfbundle; includeInIndex = 0; path = TrinQuotesTests.xctest; sourceTree = BUILT_PRODUCTS_DIR; };
		DCDCFD564E6C76C9889776A8 /* AppDelegate.swift */ = {isa = PBXFileReference; includeInIndex = 1; lastKnownFileType = sourcecode.swift; name = AppDelegate.swift; path = TrinQuotes/AppDelegate.swift; sourceTree = "<group>"; };
		E2996956BCFB950704B0B137 /* QuoteRotator.swift */ = {isa = PBXFileReference; includeInIndex = 1; lastKnownFileType = sourcecode.swift; name = QuoteRotator.swift; path = TrinQuotes/QuoteRotator.swift; sourceTree = "<group>"; };
/* End PBXFileReference section */

/* Begin PBXFrameworksBuildPhase section */
		55F121B89EEA77F6A74FBA95 /* Frameworks */ = {
			isa = PBXFrameworksBuildPhase;
			buildActionMask = 2147483647;
			files = (
				47601BE564E2583A655C629C /* Cocoa.framework in Frameworks */,
				767D13CDECC189DA4A116BC5 /* XCTest.framework in Frameworks */,
			);
			runOnlyForDeploymentPostprocessing = 0;
		};
		AF18CD248A7149716678B38B /* Frameworks */ = {
			isa = PBXFrameworksBuildPhase;
			buildActionMask = 2147483647;
			files = (
				9CCDB6E16D8AE1B4C06B2001 /* Cocoa.framework in Frameworks */,
			);
			runOnlyForDeploymentPostprocessing = 0;
		};
/* End PBXFrameworksBuildPhase section */

/* Begin PBXGroup section */
		82C56CAA99ECEB7527ECFF27 /* Products */ = {
			isa = PBXGroup;
			children = (
				82F080D7C0A27982DA616381 /* TrinQuotes.app */,
				BAE25CF2EB582D6291235B50 /* TrinQuotesTests.xctest */,
			);
			name = Products;
			sourceTree = "<group>";
		};
		AC4B9CA03BEF7BA43DE3F5D3 /* OS X */ = {
			isa = PBXGroup;
			children = (
				A7F1B5DE222317495D4AF05E /* Cocoa.framework */,
			);
			name = "OS X";
			sourceTree = "<group>";
		};
		B2BD270DD6DB1F3F78E3C53C /* Frameworks */ = {
			isa = PBXGroup;
			children = (
				AC4B9CA03BEF7BA43DE3F5D3 /* OS X */,
				7602037531FE7F92BE2E93D2 /* XCTest.framework */,
			);
			name = Frameworks;
			sourceTree = "<group>";
		};
		BFDF1C6A253F425DA8CE255C /* TrinQuotesTests */ = {
			isa = PBXGroup;
			children = (
				26AE3E39F5936CD7367852DB /* QuoteRotatorTests.swift */,
				70E9A7B88C54D2FA2F45959E /* QuoteStoreTests.swift */,
			);
			name = TrinQuotesTests;
			sourceTree = "<group>";
		};
		DADF8094DC31F82A82E32376 /* TrinQuotes */ = {
			isa = PBXGroup;
			children = (
				DCDCFD564E6C76C9889776A8 /* AppDelegate.swift */,
				94BE25D00D90E6D6D64D6C35 /* ManageQuotesWindowController.swift */,
				6D7094C8E6AEEE8B26C9D693 /* Models.swift */,
				97325C02F127ABE99F6253ED /* main.swift */,
				E2996956BCFB950704B0B137 /* QuoteRotator.swift */,
				3A00893DCD1912AF7F2A87AF /* QuoteStore.swift */,
				1EF6416883906272C02A58CF /* StatusBarController.swift */,
				14CE784DECF74EE8C5DC9B3D /* Info.plist */,
			);
			name = TrinQuotes;
			sourceTree = "<group>";
		};
		E106CC7687C91405E4CF435F = {
			isa = PBXGroup;
			children = (
				82C56CAA99ECEB7527ECFF27 /* Products */,
				B2BD270DD6DB1F3F78E3C53C /* Frameworks */,
				DADF8094DC31F82A82E32376 /* TrinQuotes */,
				BFDF1C6A253F425DA8CE255C /* TrinQuotesTests */,
			);
			sourceTree = "<group>";
		};
/* End PBXGroup section */

/* Begin PBXNativeTarget section */
		0C2C10CE861B795B2EA996F5 /* TrinQuotesTests */ = {
			isa = PBXNativeTarget;
			buildConfigurationList = 8977753F6566639079861CA7 /* Build configuration list for PBXNativeTarget "TrinQuotesTests" */;
			buildPhases = (
				734A6C81D1F0D8D080C9C7D5 /* Sources */,
				55F121B89EEA77F6A74FBA95 /* Frameworks */,
				6214A18EC129D4C86EEB739D /* Resources */,
			);
			buildRules = (
			);
			dependencies = (
				4E51ED6F886AE8C31BF2E8B7 /* PBXTargetDependency */,
			);
			name = TrinQuotesTests;
			productName = TrinQuotesTests;
			productReference = BAE25CF2EB582D6291235B50 /* TrinQuotesTests.xctest */;
			productType = "com.apple.product-type.bundle.unit-test";
		};
		C2D7E3D79ABC2C78E3F83720 /* TrinQuotes */ = {
			isa = PBXNativeTarget;
			buildConfigurationList = 1FFCA78F16B7B23BBE9EB016 /* Build configuration list for PBXNativeTarget "TrinQuotes" */;
			buildPhases = (
				3E9865267F809E79649C173D /* Sources */,
				AF18CD248A7149716678B38B /* Frameworks */,
				FE61F8FDEED7052289B60E4D /* Resources */,
			);
			buildRules = (
			);
			dependencies = (
			);
			name = TrinQuotes;
			productName = TrinQuotes;
			productReference = 82F080D7C0A27982DA616381 /* TrinQuotes.app */;
			productType = "com.apple.product-type.application";
		};
/* End PBXNativeTarget section */

/* Begin PBXProject section */
		784855F02A92C9AF2B10AF4E /* Project object */ = {
			isa = PBXProject;
			attributes = {
				LastSwiftUpdateCheck = 1600;
				LastUpgradeCheck = 1600;
			};
			buildConfigurationList = 303396366317C07FCB7810BD /* Build configuration list for PBXProject "TrinQuotes" */;
			compatibilityVersion = "Xcode 3.2";
			developmentRegion = en;
			hasScannedForEncodings = 0;
			knownRegions = (
				en,
				Base,
			);
			mainGroup = E106CC7687C91405E4CF435F;
			minimizedProjectReferenceProxies = 0;
			preferredProjectObjectVersion = 77;
			productRefGroup = 82C56CAA99ECEB7527ECFF27 /* Products */;
			projectDirPath = "";
			projectRoot = "";
			targets = (
				C2D7E3D79ABC2C78E3F83720 /* TrinQuotes */,
				0C2C10CE861B795B2EA996F5 /* TrinQuotesTests */,
			);
		};
/* End PBXProject section */

/* Begin PBXResourcesBuildPhase section */
		6214A18EC129D4C86EEB739D /* Resources */ = {
			isa = PBXResourcesBuildPhase;
			buildActionMask = 2147483647;
			files = (
			);
			runOnlyForDeploymentPostprocessing = 0;
		};
		FE61F8FDEED7052289B60E4D /* Resources */ = {
			isa = PBXResourcesBuildPhase;
			buildActionMask = 2147483647;
			files = (
			);
			runOnlyForDeploymentPostprocessing = 0;
		};
/* End PBXResourcesBuildPhase section */

/* Begin PBXSourcesBuildPhase section */
		3E9865267F809E79649C173D /* Sources */ = {
			isa = PBXSourcesBuildPhase;
			buildActionMask = 2147483647;
			files = (
				8CC254D020D34251CC7723F9 /* AppDelegate.swift in Sources */,
				D4FC99CD768926F50712C479 /* ManageQuotesWindowController.swift in Sources */,
				9E687135F49E83FBB4BB92F3 /* Models.swift in Sources */,
				24446B92FA2421DE4D169FB1 /* main.swift in Sources */,
				28C3B10297BAE0F539B2DF4A /* QuoteRotator.swift in Sources */,
				002F5C21610C0A578CC618C7 /* QuoteStore.swift in Sources */,
				4874E534ED7724B5B1AEC517 /* StatusBarController.swift in Sources */,
			);
			runOnlyForDeploymentPostprocessing = 0;
		};
		734A6C81D1F0D8D080C9C7D5 /* Sources */ = {
			isa = PBXSourcesBuildPhase;
			buildActionMask = 2147483647;
			files = (
				301D2B7D1A9C7C2D8351F7AC /* QuoteRotatorTests.swift in Sources */,
				1C0B2378318BB8510704AEC1 /* QuoteStoreTests.swift in Sources */,
			);
			runOnlyForDeploymentPostprocessing = 0;
		};
/* End PBXSourcesBuildPhase section */

/* Begin PBXTargetDependency section */
		4E51ED6F886AE8C31BF2E8B7 /* PBXTargetDependency */ = {
			isa = PBXTargetDependency;
			name = TrinQuotes;
			target = C2D7E3D79ABC2C78E3F83720 /* TrinQuotes */;
			targetProxy = AEEEFD157BE10B2663AAD71F /* PBXContainerItemProxy */;
		};
/* End PBXTargetDependency section */

/* Begin XCBuildConfiguration section */
		2DD0A30B8D8AB572E32D5547 /* Release */ = {
			isa = XCBuildConfiguration;
			buildSettings = {
				ALWAYS_SEARCH_USER_PATHS = NO;
				CLANG_ANALYZER_NONNULL = YES;
				CLANG_ANALYZER_NUMBER_OBJECT_CONVERSION = YES_AGGRESSIVE;
				CLANG_CXX_LANGUAGE_STANDARD = "gnu++14";
				CLANG_CXX_LIBRARY = "libc++";
				CLANG_ENABLE_MODULES = YES;
				CLANG_ENABLE_OBJC_ARC = YES;
				CLANG_ENABLE_OBJC_WEAK = YES;
				CLANG_WARN_BLOCK_CAPTURE_AUTORELEASING = YES;
				CLANG_WARN_BOOL_CONVERSION = YES;
				CLANG_WARN_COMMA = YES;
				CLANG_WARN_CONSTANT_CONVERSION = YES;
				CLANG_WARN_DEPRECATED_OBJC_IMPLEMENTATIONS = YES;
				CLANG_WARN_DIRECT_OBJC_ISA_USAGE = YES_ERROR;
				CLANG_WARN_DOCUMENTATION_COMMENTS = YES;
				CLANG_WARN_EMPTY_BODY = YES;
				CLANG_WARN_ENUM_CONVERSION = YES;
				CLANG_WARN_INFINITE_RECURSION = YES;
				CLANG_WARN_INT_CONVERSION = YES;
				CLANG_WARN_NON_LITERAL_NULL_CONVERSION = YES;
				CLANG_WARN_OBJC_IMPLICIT_RETAIN_SELF = YES;
				CLANG_WARN_OBJC_LITERAL_CONVERSION = YES;
				CLANG_WARN_OBJC_ROOT_CLASS = YES_ERROR;
				CLANG_WARN_QUOTED_INCLUDE_IN_FRAMEWORK_HEADER = YES;
				CLANG_WARN_RANGE_LOOP_ANALYSIS = YES;
				CLANG_WARN_STRICT_PROTOTYPES = YES;
				CLANG_WARN_SUSPICIOUS_MOVE = YES;
				CLANG_WARN_UNGUARDED_AVAILABILITY = YES_AGGRESSIVE;
				CLANG_WARN_UNREACHABLE_CODE = YES;
				CLANG_WARN__DUPLICATE_METHOD_MATCH = YES;
				COPY_PHASE_STRIP = NO;
				DEBUG_INFORMATION_FORMAT = "dwarf-with-dsym";
				ENABLE_NS_ASSERTIONS = NO;
				ENABLE_STRICT_OBJC_MSGSEND = YES;
				GCC_C_LANGUAGE_STANDARD = gnu11;
				GCC_NO_COMMON_BLOCKS = YES;
				GCC_WARN_64_TO_32_BIT_CONVERSION = YES;
				GCC_WARN_ABOUT_RETURN_TYPE = YES_ERROR;
				GCC_WARN_UNDECLARED_SELECTOR = YES;
				GCC_WARN_UNINITIALIZED_AUTOS = YES_AGGRESSIVE;
				GCC_WARN_UNUSED_FUNCTION = YES;
				GCC_WARN_UNUSED_VARIABLE = YES;
				MTL_ENABLE_DEBUG_INFO = NO;
				MTL_FAST_MATH = YES;
				PRODUCT_NAME = "$(TARGET_NAME)";
				SWIFT_COMPILATION_MODE = wholemodule;
				SWIFT_OPTIMIZATION_LEVEL = "-O";
				SWIFT_VERSION = 5.0;
			};
			name = Release;
		};
		6F5058C48A6A00ED5C131A3E /* Debug */ = {
			isa = XCBuildConfiguration;
			buildSettings = {
				BUNDLE_LOADER = "$(TEST_HOST)";
				CODE_SIGN_STYLE = Automatic;
				GENERATE_INFOPLIST_FILE = YES;
				LD_RUNPATH_SEARCH_PATHS = "$(inherited) @executable_path/../Frameworks @loader_path/../Frameworks";
				MACOSX_DEPLOYMENT_TARGET = 13.0;
				PRODUCT_BUNDLE_IDENTIFIER = com.trin.quotes.tests;
				SDKROOT = macosx;
				SWIFT_VERSION = 5.0;
				TEST_HOST = "$(BUILT_PRODUCTS_DIR)/TrinQuotes.app/Contents/MacOS/TrinQuotes";
			};
			name = Debug;
		};
		975EB1230443CDA725043DF1 /* Debug */ = {
			isa = XCBuildConfiguration;
			buildSettings = {
				ASSETCATALOG_COMPILER_APPICON_NAME = AppIcon;
				ASSETCATALOG_COMPILER_GLOBAL_ACCENT_COLOR_NAME = AccentColor;
				CODE_SIGN_STYLE = Automatic;
				COMBINE_HIDPI_IMAGES = YES;
				GENERATE_INFOPLIST_FILE = NO;
				INFOPLIST_FILE = TrinQuotes/Info.plist;
				LD_RUNPATH_SEARCH_PATHS = "$(inherited) @executable_path/../Frameworks";
				MACOSX_DEPLOYMENT_TARGET = 13.0;
				PRODUCT_BUNDLE_IDENTIFIER = com.trin.quotes;
				SDKROOT = macosx;
				SWIFT_VERSION = 5.0;
			};
			name = Debug;
		};
		A013722F34B6EEF6A718DA87 /* Debug */ = {
			isa = XCBuildConfiguration;
			buildSettings = {
				ALWAYS_SEARCH_USER_PATHS = NO;
				CLANG_ANALYZER_NONNULL = YES;
				CLANG_ANALYZER_NUMBER_OBJECT_CONVERSION = YES_AGGRESSIVE;
				CLANG_CXX_LANGUAGE_STANDARD = "gnu++14";
				CLANG_CXX_LIBRARY = "libc++";
				CLANG_ENABLE_MODULES = YES;
				CLANG_ENABLE_OBJC_ARC = YES;
				CLANG_ENABLE_OBJC_WEAK = YES;
				CLANG_WARN_BLOCK_CAPTURE_AUTORELEASING = YES;
				CLANG_WARN_BOOL_CONVERSION = YES;
				CLANG_WARN_COMMA = YES;
				CLANG_WARN_CONSTANT_CONVERSION = YES;
				CLANG_WARN_DEPRECATED_OBJC_IMPLEMENTATIONS = YES;
				CLANG_WARN_DIRECT_OBJC_ISA_USAGE = YES_ERROR;
				CLANG_WARN_DOCUMENTATION_COMMENTS = YES;
				CLANG_WARN_EMPTY_BODY = YES;
				CLANG_WARN_ENUM_CONVERSION = YES;
				CLANG_WARN_INFINITE_RECURSION = YES;
				CLANG_WARN_INT_CONVERSION = YES;
				CLANG_WARN_NON_LITERAL_NULL_CONVERSION = YES;
				CLANG_WARN_OBJC_IMPLICIT_RETAIN_SELF = YES;
				CLANG_WARN_OBJC_LITERAL_CONVERSION = YES;
				CLANG_WARN_OBJC_ROOT_CLASS = YES_ERROR;
				CLANG_WARN_QUOTED_INCLUDE_IN_FRAMEWORK_HEADER = YES;
				CLANG_WARN_RANGE_LOOP_ANALYSIS = YES;
				CLANG_WARN_STRICT_PROTOTYPES = YES;
				CLANG_WARN_SUSPICIOUS_MOVE = YES;
				CLANG_WARN_UNGUARDED_AVAILABILITY = YES_AGGRESSIVE;
				CLANG_WARN_UNREACHABLE_CODE = YES;
				CLANG_WARN__DUPLICATE_METHOD_MATCH = YES;
				COPY_PHASE_STRIP = NO;
				DEBUG_INFORMATION_FORMAT = dwarf;
				ENABLE_STRICT_OBJC_MSGSEND = YES;
				ENABLE_TESTABILITY = YES;
				GCC_C_LANGUAGE_STANDARD = gnu11;
				GCC_DYNAMIC_NO_PIC = NO;
				GCC_NO_COMMON_BLOCKS = YES;
				GCC_OPTIMIZATION_LEVEL = 0;
				GCC_PREPROCESSOR_DEFINITIONS = (
					"DEBUG=1",
					"$(inherited)",
				);
				GCC_WARN_64_TO_32_BIT_CONVERSION = YES;
				GCC_WARN_ABOUT_RETURN_TYPE = YES_ERROR;
				GCC_WARN_UNDECLARED_SELECTOR = YES;
				GCC_WARN_UNINITIALIZED_AUTOS = YES_AGGRESSIVE;
				GCC_WARN_UNUSED_FUNCTION = YES;
				GCC_WARN_UNUSED_VARIABLE = YES;
				MTL_ENABLE_DEBUG_INFO = INCLUDE_SOURCE;
				MTL_FAST_MATH = YES;
				ONLY_ACTIVE_ARCH = YES;
				PRODUCT_NAME = "$(TARGET_NAME)";
				SWIFT_ACTIVE_COMPILATION_CONDITIONS = DEBUG;
				SWIFT_OPTIMIZATION_LEVEL = "-Onone";
				SWIFT_VERSION = 5.0;
			};
			name = Debug;
		};
		E5362AD4588958F5DA1C5774 /* Release */ = {
			isa = XCBuildConfiguration;
			buildSettings = {
				ASSETCATALOG_COMPILER_APPICON_NAME = AppIcon;
				ASSETCATALOG_COMPILER_GLOBAL_ACCENT_COLOR_NAME = AccentColor;
				CODE_SIGN_STYLE = Automatic;
				COMBINE_HIDPI_IMAGES = YES;
				GENERATE_INFOPLIST_FILE = NO;
				INFOPLIST_FILE = TrinQuotes/Info.plist;
				LD_RUNPATH_SEARCH_PATHS = "$(inherited) @executable_path/../Frameworks";
				MACOSX_DEPLOYMENT_TARGET = 13.0;
				PRODUCT_BUNDLE_IDENTIFIER = com.trin.quotes;
				SDKROOT = macosx;
				SWIFT_VERSION = 5.0;
			};
			name = Release;
		};
		FB5823812DAF7FFE697D352E /* Release */ = {
			isa = XCBuildConfiguration;
			buildSettings = {
				BUNDLE_LOADER = "$(TEST_HOST)";
				CODE_SIGN_STYLE = Automatic;
				GENERATE_INFOPLIST_FILE = YES;
				LD_RUNPATH_SEARCH_PATHS = "$(inherited) @executable_path/../Frameworks @loader_path/../Frameworks";
				MACOSX_DEPLOYMENT_TARGET = 13.0;
				PRODUCT_BUNDLE_IDENTIFIER = com.trin.quotes.tests;
				SDKROOT = macosx;
				SWIFT_VERSION = 5.0;
				TEST_HOST = "$(BUILT_PRODUCTS_DIR)/TrinQuotes.app/Contents/MacOS/TrinQuotes";
			};
			name = Release;
		};
/* End XCBuildConfiguration section */

/* Begin XCConfigurationList section */
		1FFCA78F16B7B23BBE9EB016 /* Build configuration list for PBXNativeTarget "TrinQuotes" */ = {
			isa = XCConfigurationList;
			buildConfigurations = (
				E5362AD4588958F5DA1C5774 /* Release */,
				975EB1230443CDA725043DF1 /* Debug */,
			);
			defaultConfigurationIsVisible = 0;
			defaultConfigurationName = Release;
		};
		303396366317C07FCB7810BD /* Build configuration list for PBXProject "TrinQuotes" */ = {
			isa = XCConfigurationList;
			buildConfigurations = (
				A013722F34B6EEF6A718DA87 /* Debug */,
				2DD0A30B8D8AB572E32D5547 /* Release */,
			);
			defaultConfigurationIsVisible = 0;
			defaultConfigurationName = Release;
		};
		8977753F6566639079861CA7 /* Build configuration list for PBXNativeTarget "TrinQuotesTests" */ = {
			isa = XCConfigurationList;
			buildConfigurations = (
				FB5823812DAF7FFE697D352E /* Release */,
				6F5058C48A6A00ED5C131A3E /* Debug */,
			);
			defaultConfigurationIsVisible = 0;
			defaultConfigurationName = Release;
		};
/* End XCConfigurationList section */
	};
	rootObject = 784855F02A92C9AF2B10AF4E /* Project object */;
}
